// !$*UTF8*$!
{
	archiveVersion = 1;
	classes = {
	};
	objectVersion = 50;
	objects = {

/* Begin PBXBuildFile section */
		B39AD237229FD14D00F97FA9 /* AppDelegate.swift in Sources */ = {isa = PBXBuildFile; fileRef = B39AD236229FD14D00F97FA9 /* AppDelegate.swift */; };
		B39AD239229FD14D00F97FA9 /* ViewController.swift in Sources */ = {isa = PBXBuildFile; fileRef = B39AD238229FD14D00F97FA9 /* ViewController.swift */; };
		B39AD23B229FD14E00F97FA9 /* Assets.xcassets in Resources */ = {isa = PBXBuildFile; fileRef = B39AD23A229FD14E00F97FA9 /* Assets.xcassets */; };
		B39AD23E229FD14E00F97FA9 /* Main.storyboard in Resources */ = {isa = PBXBuildFile; fileRef = B39AD23C229FD14E00F97FA9 /* Main.storyboard */; };
		B39AD24D229FD1FB00F97FA9 /* Cocoa.framework in Frameworks */ = {isa = PBXBuildFile; fileRef = B39AD24C229FD1FB00F97FA9 /* Cocoa.framework */; };
		B39AD250229FD1FB00F97FA9 /* SafariExtensionHandler.swift in Sources */ = {isa = PBXBuildFile; fileRef = B39AD24F229FD1FB00F97FA9 /* SafariExtensionHandler.swift */; };
		B39AD252229FD1FB00F97FA9 /* SafariExtensionViewController.swift in Sources */ = {isa = PBXBuildFile; fileRef = B39AD251229FD1FB00F97FA9 /* SafariExtensionViewController.swift */; };
		B39AD255229FD1FB00F97FA9 /* SafariExtensionViewController.xib in Resources */ = {isa = PBXBuildFile; fileRef = B39AD253229FD1FB00F97FA9 /* SafariExtensionViewController.xib */; };
		B39AD258229FD1FB00F97FA9 /* script.js in Resources */ = {isa = PBXBuildFile; fileRef = B39AD257229FD1FB00F97FA9 /* script.js */; };
		B39AD25A229FD1FB00F97FA9 /* ToolbarItemIcon.pdf in Resources */ = {isa = PBXBuildFile; fileRef = B39AD259229FD1FB00F97FA9 /* ToolbarItemIcon.pdf */; };
		B39AD25E229FD1FB00F97FA9 /* SafariExtension.appex in Embed App Extensions */ = {isa = PBXBuildFile; fileRef = B39AD24A229FD1FA00F97FA9 /* SafariExtension.appex */; settings = {ATTRIBUTES = (RemoveHeadersOnCopy, ); }; };
/* End PBXBuildFile section */

/* Begin PBXContainerItemProxy section */
		B39AD25C229FD1FB00F97FA9 /* PBXContainerItemProxy */ = {
			isa = PBXContainerItemProxy;
			containerPortal = B39AD22B229FD14D00F97FA9 /* Project object */;
			proxyType = 1;
			remoteGlobalIDString = B39AD249229FD1FA00F97FA9;
			remoteInfo = SafariExtension;
		};
/* End PBXContainerItemProxy section */

/* Begin PBXCopyFilesBuildPhase section */
		B39AD262229FD1FB00F97FA9 /* Embed App Extensions */ = {
			isa = PBXCopyFilesBuildPhase;
			buildActionMask = 2147483647;
			dstPath = "";
			dstSubfolderSpec = 13;
			files = (
				B39AD25E229FD1FB00F97FA9 /* SafariExtension.appex in Embed App Extensions */,
			);
			name = "Embed App Extensions";
			runOnlyForDeploymentPostprocessing = 0;
		};
/* End PBXCopyFilesBuildPhase section */

/* Begin PBXFileReference section */
		B39AD233229FD14D00F97FA9 /* ExtensionApp.app */ = {isa = PBXFileReference; explicitFileType = wrapper.application; includeInIndex = 0; path = ExtensionApp.app; sourceTree = BUILT_PRODUCTS_DIR; };
		B39AD236229FD14D00F97FA9 /* AppDelegate.swift */ = {isa = PBXFileReference; lastKnownFileType = sourcecode.swift; path = AppDelegate.swift; sourceTree = "<group>"; };
		B39AD238229FD14D00F97FA9 /* ViewController.swift */ = {isa = PBXFileReference; lastKnownFileType = sourcecode.swift; path = ViewController.swift; sourceTree = "<group>"; };
		B39AD23A229FD14E00F97FA9 /* Assets.xcassets */ = {isa = PBXFileReference; lastKnownFileType = folder.assetcatalog; path = Assets.xcassets; sourceTree = "<group>"; };
		B39AD23D229FD14E00F97FA9 /* Base */ = {isa = PBXFileReference; lastKnownFileType = file.storyboard; name = Base; path = Base.lproj/Main.storyboard; sourceTree = "<group>"; };
		B39AD23F229FD14E00F97FA9 /* Info.plist */ = {isa = PBXFileReference; lastKnownFileType = text.plist.xml; path = Info.plist; sourceTree = "<group>"; };
		B39AD240229FD14E00F97FA9 /* ExtensionApp.entitlements */ = {isa = PBXFileReference; lastKnownFileType = text.plist.entitlements; path = ExtensionApp.entitlements; sourceTree = "<group>"; };
		B39AD24A229FD1FA00F97FA9 /* SafariExtension.appex */ = {isa = PBXFileReference; explicitFileType = "wrapper.app-extension"; includeInIndex = 0; path = SafariExtension.appex; sourceTree = BUILT_PRODUCTS_DIR; };
		B39AD24C229FD1FB00F97FA9 /* Cocoa.framework */ = {isa = PBXFileReference; lastKnownFileType = wrapper.framework; name = Cocoa.framework; path = System/Library/Frameworks/Cocoa.framework; sourceTree = SDKROOT; };
		B39AD24F229FD1FB00F97FA9 /* SafariExtensionHandler.swift */ = {isa = PBXFileReference; lastKnownFileType = sourcecode.swift; path = SafariExtensionHandler.swift; sourceTree = "<group>"; };
		B39AD251229FD1FB00F97FA9 /* SafariExtensionViewController.swift */ = {isa = PBXFileReference; lastKnownFileType = sourcecode.swift; path = SafariExtensionViewController.swift; sourceTree = "<group>"; };
		B39AD254229FD1FB00F97FA9 /* Base */ = {isa = PBXFileReference; lastKnownFileType = file.xib; name = Base; path = Base.lproj/SafariExtensionViewController.xib; sourceTree = "<group>"; };
		B39AD256229FD1FB00F97FA9 /* Info.plist */ = {isa = PBXFileReference; lastKnownFileType = text.plist.xml; path = Info.plist; sourceTree = "<group>"; };
		B39AD257229FD1FB00F97FA9 /* script.js */ = {isa = PBXFileReference; lastKnownFileType = sourcecode.javascript; path = script.js; sourceTree = "<group>"; };
		B39AD259229FD1FB00F97FA9 /* ToolbarItemIcon.pdf */ = {isa = PBXFileReference; lastKnownFileType = image.pdf; path = ToolbarItemIcon.pdf; sourceTree = "<group>"; };
		B39AD25B229FD1FB00F97FA9 /* SafariExtension.entitlements */ = {isa = PBXFileReference; lastKnownFileType = text.plist.entitlements; path = SafariExtension.entitlements; sourceTree = "<group>"; };
/* End PBXFileReference section */

/* Begin PBXFrameworksBuildPhase section */
		B39AD230229FD14D00F97FA9 /* Frameworks */ = {
			isa = PBXFrameworksBuildPhase;
			buildActionMask = 2147483647;
			files = (
			);
			runOnlyForDeploymentPostprocessing = 0;
		};
		B39AD247229FD1FA00F97FA9 /* Frameworks */ = {
			isa = PBXFrameworksBuildPhase;
			buildActionMask = 2147483647;
			files = (
				B39AD24D229FD1FB00F97FA9 /* Cocoa.framework in Frameworks */,
			);
			runOnlyForDeploymentPostprocessing = 0;
		};
/* End PBXFrameworksBuildPhase section */

/* Begin PBXGroup section */
		B39AD22A229FD14D00F97FA9 = {
			isa = PBXGroup;
			children = (
				B39AD235229FD14D00F97FA9 /* ExtensionApp */,
				B39AD24E229FD1FB00F97FA9 /* SafariExtension */,
				B39AD24B229FD1FB00F97FA9 /* Frameworks */,
				B39AD234229FD14D00F97FA9 /* Products */,
			);
			sourceTree = "<group>";
		};
		B39AD234229FD14D00F97FA9 /* Products */ = {
			isa = PBXGroup;
			children = (
				B39AD233229FD14D00F97FA9 /* ExtensionApp.app */,
				B39AD24A229FD1FA00F97FA9 /* SafariExtension.appex */,
			);
			name = Products;
			sourceTree = "<group>";
		};
		B39AD235229FD14D00F97FA9 /* ExtensionApp */ = {
			isa = PBXGroup;
			children = (
				B39AD236229FD14D00F97FA9 /* AppDelegate.swift */,
				B39AD238229FD14D00F97FA9 /* ViewController.swift */,
				B39AD23A229FD14E00F97FA9 /* Assets.xcassets */,
				B39AD23C229FD14E00F97FA9 /* Main.storyboard */,
				B39AD23F229FD14E00F97FA9 /* Info.plist */,
				B39AD240229FD14E00F97FA9 /* ExtensionApp.entitlements */,
			);
			path = ExtensionApp;
			sourceTree = "<group>";
		};
		B39AD24B229FD1FB00F97FA9 /* Frameworks */ = {
			isa = PBXGroup;
			children = (
				B39AD24C229FD1FB00F97FA9 /* Cocoa.framework */,
			);
			name = Frameworks;
			sourceTree = "<group>";
		};
		B39AD24E229FD1FB00F97FA9 /* SafariExtension */ = {
			isa = PBXGroup;
			children = (
				B39AD24F229FD1FB00F97FA9 /* SafariExtensionHandler.swift */,
				B39AD251229FD1FB00F97FA9 /* SafariExtensionViewController.swift */,
				B39AD253229FD1FB00F97FA9 /* SafariExtensionViewController.xib */,
				B39AD256229FD1FB00F97FA9 /* Info.plist */,
				B39AD257229FD1FB00F97FA9 /* script.js */,
				B39AD259229FD1FB00F97FA9 /* ToolbarItemIcon.pdf */,
				B39AD25B229FD1FB00F97FA9 /* SafariExtension.entitlements */,
			);
			path = SafariExtension;
			sourceTree = "<group>";
		};
/* End PBXGroup section */

/* Begin PBXNativeTarget section */
		B39AD232229FD14D00F97FA9 /* ExtensionApp */ = {
			isa = PBXNativeTarget;
			buildConfigurationList = B39AD243229FD14E00F97FA9 /* Build configuration list for PBXNativeTarget "ExtensionApp" */;
			buildPhases = (
				B39AD22F229FD14D00F97FA9 /* Sources */,
				B39AD230229FD14D00F97FA9 /* Frameworks */,
				B39AD231229FD14D00F97FA9 /* Resources */,
				B39AD262229FD1FB00F97FA9 /* Embed App Extensions */,
			);
			buildRules = (
			);
			dependencies = (
				B39AD25D229FD1FB00F97FA9 /* PBXTargetDependency */,
			);
			name = ExtensionApp;
			productName = ExtensionApp;
			productReference = B39AD233229FD14D00F97FA9 /* ExtensionApp.app */;
			productType = "com.apple.product-type.application";
		};
		B39AD249229FD1FA00F97FA9 /* SafariExtension */ = {
			isa = PBXNativeTarget;
			buildConfigurationList = B39AD25F229FD1FB00F97FA9 /* Build configuration list for PBXNativeTarget "SafariExtension" */;
			buildPhases = (
				B39AD246229FD1FA00F97FA9 /* Sources */,
				B39AD247229FD1FA00F97FA9 /* Frameworks */,
				B39AD248229FD1FA00F97FA9 /* Resources */,
			);
			buildRules = (
			);
			dependencies = (
			);
			name = SafariExtension;
			productName = SafariExtension;
			productReference = B39AD24A229FD1FA00F97FA9 /* SafariExtension.appex */;
			productType = "com.apple.product-type.app-extension";
		};
/* End PBXNativeTarget section */

/* Begin PBXProject section */
		B39AD22B229FD14D00F97FA9 /* Project object */ = {
			isa = PBXProject;
			attributes = {
				LastSwiftUpdateCheck = 1020;
				LastUpgradeCheck = 1020;
				ORGANIZATIONNAME = "Corporation for Digital Scholarship";
				TargetAttributes = {
					B39AD232229FD14D00F97FA9 = {
						CreatedOnToolsVersion = 10.2.1;
					};
					B39AD249229FD1FA00F97FA9 = {
						CreatedOnToolsVersion = 10.2.1;
						SystemCapabilities = {
							com.apple.Sandbox = {
								enabled = 1;
							};
						};
					};
				};
			};
			buildConfigurationList = B39AD22E229FD14D00F97FA9 /* Build configuration list for PBXProject "ExtensionApp" */;
			compatibilityVersion = "Xcode 9.3";
			developmentRegion = en;
			hasScannedForEncodings = 0;
			knownRegions = (
				en,
				Base,
			);
			mainGroup = B39AD22A229FD14D00F97FA9;
			productRefGroup = B39AD234229FD14D00F97FA9 /* Products */;
			projectDirPath = "";
			projectRoot = "";
			targets = (
				B39AD232229FD14D00F97FA9 /* ExtensionApp */,
				B39AD249229FD1FA00F97FA9 /* SafariExtension */,
			);
		};
/* End PBXProject section */

/* Begin PBXResourcesBuildPhase section */
		B39AD231229FD14D00F97FA9 /* Resources */ = {
			isa = PBXResourcesBuildPhase;
			buildActionMask = 2147483647;
			files = (
				B39AD23B229FD14E00F97FA9 /* Assets.xcassets in Resources */,
				B39AD23E229FD14E00F97FA9 /* Main.storyboard in Resources */,
			);
			runOnlyForDeploymentPostprocessing = 0;
		};
		B39AD248229FD1FA00F97FA9 /* Resources */ = {
			isa = PBXResourcesBuildPhase;
			buildActionMask = 2147483647;
			files = (
				B39AD25A229FD1FB00F97FA9 /* ToolbarItemIcon.pdf in Resources */,
				B39AD255229FD1FB00F97FA9 /* SafariExtensionViewController.xib in Resources */,
				B39AD258229FD1FB00F97FA9 /* script.js in Resources */,
			);
			runOnlyForDeploymentPostprocessing = 0;
		};
/* End PBXResourcesBuildPhase section */

/* Begin PBXSourcesBuildPhase section */
		B39AD22F229FD14D00F97FA9 /* Sources */ = {
			isa = PBXSourcesBuildPhase;
			buildActionMask = 2147483647;
			files = (
				B39AD239229FD14D00F97FA9 /* ViewController.swift in Sources */,
				B39AD237229FD14D00F97FA9 /* AppDelegate.swift in Sources */,
			);
			runOnlyForDeploymentPostprocessing = 0;
		};
		B39AD246229FD1FA00F97FA9 /* Sources */ = {
			isa = PBXSourcesBuildPhase;
			buildActionMask = 2147483647;
			files = (
				B39AD252229FD1FB00F97FA9 /* SafariExtensionViewController.swift in Sources */,
				B39AD250229FD1FB00F97FA9 /* SafariExtensionHandler.swift in Sources */,
			);
			runOnlyForDeploymentPostprocessing = 0;
		};
/* End PBXSourcesBuildPhase section */

/* Begin PBXTargetDependency section */
		B39AD25D229FD1FB00F97FA9 /* PBXTargetDependency */ = {
			isa = PBXTargetDependency;
			target = B39AD249229FD1FA00F97FA9 /* SafariExtension */;
			targetProxy = B39AD25C229FD1FB00F97FA9 /* PBXContainerItemProxy */;
		};
/* End PBXTargetDependency section */

/* Begin PBXVariantGroup section */
		B39AD23C229FD14E00F97FA9 /* Main.storyboard */ = {
			isa = PBXVariantGroup;
			children = (
				B39AD23D229FD14E00F97FA9 /* Base */,
			);
			name = Main.storyboard;
			sourceTree = "<group>";
		};
		B39AD253229FD1FB00F97FA9 /* SafariExtensionViewController.xib */ = {
			isa = PBXVariantGroup;
			children = (
				B39AD254229FD1FB00F97FA9 /* Base */,
			);
			name = SafariExtensionViewController.xib;
			sourceTree = "<group>";
		};
/* End PBXVariantGroup section */

/* Begin XCBuildConfiguration section */
		B39AD241229FD14E00F97FA9 /* Debug */ = {
			isa = XCBuildConfiguration;
			buildSettings = {
				ALWAYS_SEARCH_USER_PATHS = NO;
				CLANG_ANALYZER_NONNULL = YES;
				CLANG_ANALYZER_NUMBER_OBJECT_CONVERSION = YES_AGGRESSIVE;
				CLANG_CXX_LANGUAGE_STANDARD = "gnu++14";
				CLANG_CXX_LIBRARY = "libc++";
				CLANG_ENABLE_MODULES = YES;
				CLANG_ENABLE_OBJC_ARC = YES;
				CLANG_ENABLE_OBJC_WEAK = YES;
				CLANG_WARN_BLOCK_CAPTURE_AUTORELEASING = YES;
				CLANG_WARN_BOOL_CONVERSION = YES;
				CLANG_WARN_COMMA = YES;
				CLANG_WARN_CONSTANT_CONVERSION = YES;
				CLANG_WARN_DEPRECATED_OBJC_IMPLEMENTATIONS = YES;
				CLANG_WARN_DIRECT_OBJC_ISA_USAGE = YES_ERROR;
				CLANG_WARN_DOCUMENTATION_COMMENTS = YES;
				CLANG_WARN_EMPTY_BODY = YES;
				CLANG_WARN_ENUM_CONVERSION = YES;
				CLANG_WARN_INFINITE_RECURSION = YES;
				CLANG_WARN_INT_CONVERSION = YES;
				CLANG_WARN_NON_LITERAL_NULL_CONVERSION = YES;
				CLANG_WARN_OBJC_IMPLICIT_RETAIN_SELF = YES;
				CLANG_WARN_OBJC_LITERAL_CONVERSION = YES;
				CLANG_WARN_OBJC_ROOT_CLASS = YES_ERROR;
				CLANG_WARN_RANGE_LOOP_ANALYSIS = YES;
				CLANG_WARN_STRICT_PROTOTYPES = YES;
				CLANG_WARN_SUSPICIOUS_MOVE = YES;
				CLANG_WARN_UNGUARDED_AVAILABILITY = YES_AGGRESSIVE;
				CLANG_WARN_UNREACHABLE_CODE = YES;
				CLANG_WARN__DUPLICATE_METHOD_MATCH = YES;
				CODE_SIGN_IDENTITY = "Mac Developer";
				COPY_PHASE_STRIP = NO;
				DEBUG_INFORMATION_FORMAT = dwarf;
				ENABLE_STRICT_OBJC_MSGSEND = YES;
				ENABLE_TESTABILITY = YES;
				GCC_C_LANGUAGE_STANDARD = gnu11;
				GCC_DYNAMIC_NO_PIC = NO;
				GCC_NO_COMMON_BLOCKS = YES;
				GCC_OPTIMIZATION_LEVEL = 0;
				GCC_PREPROCESSOR_DEFINITIONS = (
					"DEBUG=1",
					"$(inherited)",
				);
				GCC_WARN_64_TO_32_BIT_CONVERSION = YES;
				GCC_WARN_ABOUT_RETURN_TYPE = YES_ERROR;
				GCC_WARN_UNDECLARED_SELECTOR = YES;
				GCC_WARN_UNINITIALIZED_AUTOS = YES_AGGRESSIVE;
				GCC_WARN_UNUSED_FUNCTION = YES;
				GCC_WARN_UNUSED_VARIABLE = YES;
				MACOSX_DEPLOYMENT_TARGET = 10.14;
				MTL_ENABLE_DEBUG_INFO = INCLUDE_SOURCE;
				MTL_FAST_MATH = YES;
				ONLY_ACTIVE_ARCH = YES;
				SDKROOT = macosx;
				SWIFT_ACTIVE_COMPILATION_CONDITIONS = DEBUG;
				SWIFT_OPTIMIZATION_LEVEL = "-Onone";
			};
			name = Debug;
		};
		B39AD242229FD14E00F97FA9 /* Release */ = {
			isa = XCBuildConfiguration;
			buildSettings = {
				ALWAYS_SEARCH_USER_PATHS = NO;
				CLANG_ANALYZER_NONNULL = YES;
				CLANG_ANALYZER_NUMBER_OBJECT_CONVERSION = YES_AGGRESSIVE;
				CLANG_CXX_LANGUAGE_STANDARD = "gnu++14";
				CLANG_CXX_LIBRARY = "libc++";
				CLANG_ENABLE_MODULES = YES;
				CLANG_ENABLE_OBJC_ARC = YES;
				CLANG_ENABLE_OBJC_WEAK = YES;
				CLANG_WARN_BLOCK_CAPTURE_AUTORELEASING = YES;
				CLANG_WARN_BOOL_CONVERSION = YES;
				CLANG_WARN_COMMA = YES;
				CLANG_WARN_CONSTANT_CONVERSION = YES;
				CLANG_WARN_DEPRECATED_OBJC_IMPLEMENTATIONS = YES;
				CLANG_WARN_DIRECT_OBJC_ISA_USAGE = YES_ERROR;
				CLANG_WARN_DOCUMENTATION_COMMENTS = YES;
				CLANG_WARN_EMPTY_BODY = YES;
				CLANG_WARN_ENUM_CONVERSION = YES;
				CLANG_WARN_INFINITE_RECURSION = YES;
				CLANG_WARN_INT_CONVERSION = YES;
				CLANG_WARN_NON_LITERAL_NULL_CONVERSION = YES;
				CLANG_WARN_OBJC_IMPLICIT_RETAIN_SELF = YES;
				CLANG_WARN_OBJC_LITERAL_CONVERSION = YES;
				CLANG_WARN_OBJC_ROOT_CLASS = YES_ERROR;
				CLANG_WARN_RANGE_LOOP_ANALYSIS = YES;
				CLANG_WARN_STRICT_PROTOTYPES = YES;
				CLANG_WARN_SUSPICIOUS_MOVE = YES;
				CLANG_WARN_UNGUARDED_AVAILABILITY = YES_AGGRESSIVE;
				CLANG_WARN_UNREACHABLE_CODE = YES;
				CLANG_WARN__DUPLICATE_METHOD_MATCH = YES;
				CODE_SIGN_IDENTITY = "Mac Developer";
				COPY_PHASE_STRIP = NO;
				DEBUG_INFORMATION_FORMAT = "dwarf-with-dsym";
				ENABLE_NS_ASSERTIONS = NO;
				ENABLE_STRICT_OBJC_MSGSEND = YES;
				GCC_C_LANGUAGE_STANDARD = gnu11;
				GCC_NO_COMMON_BLOCKS = YES;
				GCC_WARN_64_TO_32_BIT_CONVERSION = YES;
				GCC_WARN_ABOUT_RETURN_TYPE = YES_ERROR;
				GCC_WARN_UNDECLARED_SELECTOR = YES;
				GCC_WARN_UNINITIALIZED_AUTOS = YES_AGGRESSIVE;
				GCC_WARN_UNUSED_FUNCTION = YES;
				GCC_WARN_UNUSED_VARIABLE = YES;
				MACOSX_DEPLOYMENT_TARGET = 10.14;
				MTL_ENABLE_DEBUG_INFO = NO;
				MTL_FAST_MATH = YES;
				SDKROOT = macosx;
				SWIFT_COMPILATION_MODE = wholemodule;
				SWIFT_OPTIMIZATION_LEVEL = "-O";
			};
			name = Release;
		};
		B39AD244229FD14E00F97FA9 /* Debug */ = {
			isa = XCBuildConfiguration;
			buildSettings = {
				ALWAYS_EMBED_SWIFT_STANDARD_LIBRARIES = YES;
				ASSETCATALOG_COMPILER_APPICON_NAME = AppIcon;
				CODE_SIGN_ENTITLEMENTS = ExtensionApp/ExtensionApp.entitlements;
				CODE_SIGN_IDENTITY = "Mac Developer";
				CODE_SIGN_STYLE = Automatic;
				COMBINE_HIDPI_IMAGES = YES;
				DEVELOPMENT_TEAM = 2NXF962MMK;
				INFOPLIST_FILE = ExtensionApp/Info.plist;
				LD_RUNPATH_SEARCH_PATHS = (
					"$(inherited)",
					"@executable_path/../Frameworks",
				);
				PRODUCT_BUNDLE_IDENTIFIER = org.zotero.SafariExtensionApp;
				PRODUCT_NAME = "$(TARGET_NAME)";
				PROVISIONING_PROFILE_SPECIFIER = "";
				SWIFT_VERSION = 5.0;
			};
			name = Debug;
		};
		B39AD245229FD14E00F97FA9 /* Release */ = {
			isa = XCBuildConfiguration;
			buildSettings = {
				ALWAYS_EMBED_SWIFT_STANDARD_LIBRARIES = YES;
				ASSETCATALOG_COMPILER_APPICON_NAME = AppIcon;
				CODE_SIGN_ENTITLEMENTS = ExtensionApp/ExtensionApp.entitlements;
				CODE_SIGN_IDENTITY = "Mac Developer";
				CODE_SIGN_STYLE = Automatic;
				COMBINE_HIDPI_IMAGES = YES;
				DEVELOPMENT_TEAM = 2NXF962MMK;
				INFOPLIST_FILE = ExtensionApp/Info.plist;
				LD_RUNPATH_SEARCH_PATHS = (
					"$(inherited)",
					"@executable_path/../Frameworks",
				);
				PRODUCT_BUNDLE_IDENTIFIER = org.zotero.SafariExtensionApp;
				PRODUCT_NAME = "$(TARGET_NAME)";
				PROVISIONING_PROFILE_SPECIFIER = "";
				SWIFT_VERSION = 5.0;
			};
			name = Release;
		};
		B39AD260229FD1FB00F97FA9 /* Debug */ = {
			isa = XCBuildConfiguration;
			buildSettings = {
				CODE_SIGN_ENTITLEMENTS = SafariExtension/SafariExtension.entitlements;
				CODE_SIGN_STYLE = Automatic;
				DEVELOPMENT_TEAM = 2NXF962MMK;
				INFOPLIST_FILE = SafariExtension/Info.plist;
				LD_RUNPATH_SEARCH_PATHS = (
					"$(inherited)",
					"@executable_path/../Frameworks",
					"@executable_path/../../../../Frameworks",
				);
				PRODUCT_BUNDLE_IDENTIFIER = org.zotero.SafariExtensionApp.SafariExtension;
				PRODUCT_NAME = "$(TARGET_NAME)";
				SKIP_INSTALL = YES;
				SWIFT_VERSION = 5.0;
			};
			name = Debug;
		};
		B39AD261229FD1FB00F97FA9 /* Release */ = {
			isa = XCBuildConfiguration;
			buildSettings = {
				CODE_SIGN_ENTITLEMENTS = SafariExtension/SafariExtension.entitlements;
				CODE_SIGN_STYLE = Automatic;
				DEVELOPMENT_TEAM = 2NXF962MMK;
				INFOPLIST_FILE = SafariExtension/Info.plist;
				LD_RUNPATH_SEARCH_PATHS = (
					"$(inherited)",
					"@executable_path/../Frameworks",
					"@executable_path/../../../../Frameworks",
				);
				PRODUCT_BUNDLE_IDENTIFIER = org.zotero.SafariExtensionApp.SafariExtension;
				PRODUCT_NAME = "$(TARGET_NAME)";
				SKIP_INSTALL = YES;
				SWIFT_VERSION = 5.0;
			};
			name = Release;
		};
/* End XCBuildConfiguration section */

/* Begin XCConfigurationList section */
		B39AD22E229FD14D00F97FA9 /* Build configuration list for PBXProject "ExtensionApp" */ = {
			isa = XCConfigurationList;
			buildConfigurations = (
				B39AD241229FD14E00F97FA9 /* Debug */,
				B39AD242229FD14E00F97FA9 /* Release */,
			);
			defaultConfigurationIsVisible = 0;
			defaultConfigurationName = Release;
		};
		B39AD243229FD14E00F97FA9 /* Build configuration list for PBXNativeTarget "ExtensionApp" */ = {
			isa = XCConfigurationList;
			buildConfigurations = (
				B39AD244229FD14E00F97FA9 /* Debug */,
				B39AD245229FD14E00F97FA9 /* Release */,
			);
			defaultConfigurationIsVisible = 0;
			defaultConfigurationName = Release;
		};
		B39AD25F229FD1FB00F97FA9 /* Build configuration list for PBXNativeTarget "SafariExtension" */ = {
			isa = XCConfigurationList;
			buildConfigurations = (
				B39AD260229FD1FB00F97FA9 /* Debug */,
				B39AD261229FD1FB00F97FA9 /* Release */,
			);
			defaultConfigurationIsVisible = 0;
			defaultConfigurationName = Release;
		};
/* End XCConfigurationList section */
	};
	rootObject = B39AD22B229FD14D00F97FA9 /* Project object */;
}
